
Microsoft Visual Studio Solution File, Format Version 12.00
# Visual Studio Version 17
VisualStudioVersion = 17.5.33516.290
MinimumVisualStudioVersion = 10.0.40219.1
Project("{FAE04EC0-301F-11D3-BF4B-00C04F79EFBC}") = "Matcher", "Matcher\Matcher.csproj", "{35193E45-17E2-4247-BE05-E4A2B39CE9EA}"
EndProject
Global
	GlobalSection(SolutionConfigurationPlatforms) = preSolution
		Debug|Any CPU = Debug|Any CPU
		Release|Any CPU = Release|Any CPU
	EndGlobalSection
	GlobalSection(ProjectConfigurationPlatforms) = postSolution
		{35193E45-17E2-4247-BE05-E4A2B39CE9EA}.Debug|Any CPU.ActiveCfg = Debug|Any CPU
		{35193E45-17E2-4247-BE05-E4A2B39CE9EA}.Debug|Any CPU.Build.0 = Debug|Any CPU
		{35193E45-17E2-4247-BE05-E4A2B39CE9EA}.Release|Any CPU.ActiveCfg = Release|Any CPU
		{35193E45-17E2-4247-BE05-E4A2B39CE9EA}.Release|Any CPU.Build.0 = Release|Any CPU
	EndGlobalSection
	GlobalSection(SolutionProperties) = preSolution
		HideSolutionNode = FALSE
	EndGlobalSection
	GlobalSection(ExtensibilityGlobals) = postSolution
		SolutionGuid = {026C2935-5A45-4C34-A3EC-E5F8A5B581D6}
	EndGlobalSection
EndGlobal
